
Microsoft Visual Studio Solution File, Format Version 12.00
# Visual Studio 15
VisualStudioVersion = 15.0.28307.757
MinimumVisualStudioVersion = 10.0.40219.1
Project("{8BC9CEB8-8B4A-11D0-8D11-00A0C91BC942}") = "day11", "day11\day11.vcxproj", "{BAD9A5FF-E928-4292-8CFA-617ACE7D6EAA}"
EndProject
Global
	GlobalSection(SolutionConfigurationPlatforms) = preSolution
		Debug|x64 = Debug|x64
		Debug|x86 = Debug|x86
		Release|x64 = Release|x64
		Release|x86 = Release|x86
	EndGlobalSection
	GlobalSection(ProjectConfigurationPlatforms) = postSolution
		{BAD9A5FF-E928-4292-8CFA-617ACE7D6EAA}.Debug|x64.ActiveCfg = Debug|x64
		{BAD9A5FF-E928-4292-8CFA-617ACE7D6EAA}.Debug|x64.Build.0 = Debug|x64
		{BAD9A5FF-E928-4292-8CFA-617ACE7D6EAA}.Debug|x86.ActiveCfg = Debug|Win32
		{BAD9A5FF-E928-4292-8CFA-617ACE7D6EAA}.Debug|x86.Build.0 = Debug|Win32
		{BAD9A5FF-E928-4292-8CFA-617ACE7D6EAA}.Release|x64.ActiveCfg = Release|x64
		{BAD9A5FF-E928-4292-8CFA-617ACE7D6EAA}.Release|x64.Build.0 = Release|x64
		{BAD9A5FF-E928-4292-8CFA-617ACE7D6EAA}.Release|x86.ActiveCfg = Release|Win32
		{BAD9A5FF-E928-4292-8CFA-617ACE7D6EAA}.Release|x86.Build.0 = Release|Win32
	EndGlobalSection
	GlobalSection(SolutionProperties) = preSolution
		HideSolutionNode = FALSE
	EndGlobalSection
	GlobalSection(ExtensibilityGlobals) = postSolution
		SolutionGuid = {73F53EC5-7906-43C3-A465-CB6573F3ADD4}
	EndGlobalSection
EndGlobal
